// !$*UTF8*$!
{
	archiveVersion = 1;
	classes = {
	};
	objectVersion = 46;
	objects = {

/* Begin PBXBuildFile section */
		7C8D54FA1EE19FD90065BFFD /* AppDelegate.swift in Sources */ = {isa = PBXBuildFile; fileRef = 7C8D54F91EE19FD90065BFFD /* AppDelegate.swift */; };
		7C8D54FC1EE19FD90065BFFD /* ColorViewController.swift in Sources */ = {isa = PBXBuildFile; fileRef = 7C8D54FB1EE19FD90065BFFD /* ColorViewController.swift */; };
		7C8D54FE1EE19FD90065BFFD /* Assets.xcassets in Resources */ = {isa = PBXBuildFile; fileRef = 7C8D54FD1EE19FD90065BFFD /* Assets.xcassets */; };
		7C8D55011EE19FD90065BFFD /* Main.storyboard in Resources */ = {isa = PBXBuildFile; fileRef = 7C8D54FF1EE19FD90065BFFD /* Main.storyboard */; };
/* End PBXBuildFile section */

/* Begin PBXFileReference section */
		7C8D54F61EE19FD90065BFFD /* QuartzTest.app */ = {isa = PBXFileReference; explicitFileType = wrapper.application; includeInIndex = 0; path = QuartzTest.app; sourceTree = BUILT_PRODUCTS_DIR; };
		7C8D54F91EE19FD90065BFFD /* AppDelegate.swift */ = {isa = PBXFileReference; lastKnownFileType = sourcecode.swift; path = AppDelegate.swift; sourceTree = "<group>"; };
		7C8D54FB1EE19FD90065BFFD /* ColorViewController.swift */ = {isa = PBXFileReference; lastKnownFileType = sourcecode.swift; path = ColorViewController.swift; sourceTree = "<group>"; };
		7C8D54FD1EE19FD90065BFFD /* Assets.xcassets */ = {isa = PBXFileReference; lastKnownFileType = folder.assetcatalog; path = Assets.xcassets; sourceTree = "<group>"; };
		7C8D55001EE19FD90065BFFD /* Base */ = {isa = PBXFileReference; lastKnownFileType = file.storyboard; name = Base; path = Base.lproj/Main.storyboard; sourceTree = "<group>"; };
		7C8D55021EE19FD90065BFFD /* Info.plist */ = {isa = PBXFileReference; lastKnownFileType = text.plist.xml; path = Info.plist; sourceTree = "<group>"; };
/* End PBXFileReference section */

/* Begin PBXFrameworksBuildPhase section */
		7C8D54F31EE19FD90065BFFD /* Frameworks */ = {
			isa = PBXFrameworksBuildPhase;
			buildActionMask = 2147483647;
			files = (
			);
			runOnlyForDeploymentPostprocessing = 0;
		};
/* End PBXFrameworksBuildPhase section */

/* Begin PBXGroup section */
		7C8D54ED1EE19FD90065BFFD = {
			isa = PBXGroup;
			children = (
				7C8D54F81EE19FD90065BFFD /* QuartzTest */,
				7C8D54F71EE19FD90065BFFD /* Products */,
			);
			sourceTree = "<group>";
		};
		7C8D54F71EE19FD90065BFFD /* Products */ = {
			isa = PBXGroup;
			children = (
				7C8D54F61EE19FD90065BFFD /* QuartzTest.app */,
			);
			name = Products;
			sourceTree = "<group>";
		};
		7C8D54F81EE19FD90065BFFD /* QuartzTest */ = {
			isa = PBXGroup;
			children = (
				7C8D54F91EE19FD90065BFFD /* AppDelegate.swift */,
				7C8D54FB1EE19FD90065BFFD /* ColorViewController.swift */,
				7C8D54FD1EE19FD90065BFFD /* Assets.xcassets */,
				7C8D54FF1EE19FD90065BFFD /* Main.storyboard */,
				7C8D55021EE19FD90065BFFD /* Info.plist */,
			);
			path = QuartzTest;
			sourceTree = "<group>";
		};
/* End PBXGroup section */

/* Begin PBXNativeTarget section */
		7C8D54F51EE19FD90065BFFD /* QuartzTest */ = {
			isa = PBXNativeTarget;
			buildConfigurationList = 7C8D55051EE19FD90065BFFD /* Build configuration list for PBXNativeTarget "QuartzTest" */;
			buildPhases = (
				7C8D54F21EE19FD90065BFFD /* Sources */,
				7C8D54F31EE19FD90065BFFD /* Frameworks */,
				7C8D54F41EE19FD90065BFFD /* Resources */,
			);
			buildRules = (
			);
			dependencies = (
			);
			name = QuartzTest;
			productName = QuartzTest;
			productReference = 7C8D54F61EE19FD90065BFFD /* QuartzTest.app */;
			productType = "com.apple.product-type.application";
		};
/* End PBXNativeTarget section */

/* Begin PBXProject section */
		7C8D54EE1EE19FD90065BFFD /* Project object */ = {
			isa = PBXProject;
			attributes = {
				LastSwiftUpdateCheck = 0830;
				LastUpgradeCheck = 0830;
				ORGANIZATIONNAME = "Hunter Stanton";
				TargetAttributes = {
					7C8D54F51EE19FD90065BFFD = {
						CreatedOnToolsVersion = 8.3.2;
						DevelopmentTeam = 2CHH57X62F;
						ProvisioningStyle = Automatic;
					};
				};
			};
			buildConfigurationList = 7C8D54F11EE19FD90065BFFD /* Build configuration list for PBXProject "QuartzTest" */;
			compatibilityVersion = "Xcode 3.2";
			developmentRegion = English;
			hasScannedForEncodings = 0;
			knownRegions = (
				en,
				Base,
			);
			mainGroup = 7C8D54ED1EE19FD90065BFFD;
			productRefGroup = 7C8D54F71EE19FD90065BFFD /* Products */;
			projectDirPath = "";
			projectRoot = "";
			targets = (
				7C8D54F51EE19FD90065BFFD /* QuartzTest */,
			);
		};
/* End PBXProject section */

/* Begin PBXResourcesBuildPhase section */
		7C8D54F41EE19FD90065BFFD /* Resources */ = {
			isa = PBXResourcesBuildPhase;
			buildActionMask = 2147483647;
			files = (
				7C8D54FE1EE19FD90065BFFD /* Assets.xcassets in Resources */,
				7C8D55011EE19FD90065BFFD /* Main.storyboard in Resources */,
			);
			runOnlyForDeploymentPostprocessing = 0;
		};
/* End PBXResourcesBuildPhase section */

/* Begin PBXSourcesBuildPhase section */
		7C8D54F21EE19FD90065BFFD /* Sources */ = {
			isa = PBXSourcesBuildPhase;
			buildActionMask = 2147483647;
			files = (
				7C8D54FC1EE19FD90065BFFD /* ColorViewController.swift in Sources */,
				7C8D54FA1EE19FD90065BFFD /* AppDelegate.swift in Sources */,
			);
			runOnlyForDeploymentPostprocessing = 0;
		};
/* End PBXSourcesBuildPhase section */

/* Begin PBXVariantGroup section */
		7C8D54FF1EE19FD90065BFFD /* Main.storyboard */ = {
			isa = PBXVariantGroup;
			children = (
				7C8D55001EE19FD90065BFFD /* Base */,
			);
			name = Main.storyboard;
			sourceTree = "<group>";
		};
/* End PBXVariantGroup section */

/* Begin XCBuildConfiguration section */
		7C8D55031EE19FD90065BFFD /* Debug */ = {
			isa = XCBuildConfiguration;
			buildSettings = {
				ALWAYS_SEARCH_USER_PATHS = NO;
				CLANG_ANALYZER_NONNULL = YES;
				CLANG_ANALYZER_NUMBER_OBJECT_CONVERSION = YES_AGGRESSIVE;
				CLANG_CXX_LANGUAGE_STANDARD = "gnu++0x";
				CLANG_CXX_LIBRARY = "libc++";
				CLANG_ENABLE_MODULES = YES;
				CLANG_ENABLE_OBJC_ARC = YES;
				CLANG_WARN_BOOL_CONVERSION = YES;
				CLANG_WARN_CONSTANT_CONVERSION = YES;
				CLANG_WARN_DIRECT_OBJC_ISA_USAGE = YES_ERROR;
				CLANG_WARN_DOCUMENTATION_COMMENTS = YES;
				CLANG_WARN_EMPTY_BODY = YES;
				CLANG_WARN_ENUM_CONVERSION = YES;
				CLANG_WARN_INFINITE_RECURSION = YES;
				CLANG_WARN_INT_CONVERSION = YES;
				CLANG_WARN_OBJC_ROOT_CLASS = YES_ERROR;
				CLANG_WARN_SUSPICIOUS_MOVE = YES;
				CLANG_WARN_UNREACHABLE_CODE = YES;
				CLANG_WARN__DUPLICATE_METHOD_MATCH = YES;
				CODE_SIGN_IDENTITY = "-";
				COPY_PHASE_STRIP = NO;
				DEBUG_INFORMATION_FORMAT = dwarf;
				ENABLE_STRICT_OBJC_MSGSEND = YES;
				ENABLE_TESTABILITY = YES;
				GCC_C_LANGUAGE_STANDARD = gnu99;
				GCC_DYNAMIC_NO_PIC = NO;
				GCC_NO_COMMON_BLOCKS = YES;
				GCC_OPTIMIZATION_LEVEL = 0;
				GCC_PREPROCESSOR_DEFINITIONS = (
					"DEBUG=1",
					"$(inherited)",
				);
				GCC_WARN_64_TO_32_BIT_CONVERSION = YES;
				GCC_WARN_ABOUT_RETURN_TYPE = YES_ERROR;
				GCC_WARN_UNDECLARED_SELECTOR = YES;
				GCC_WARN_UNINITIALIZED_AUTOS = YES_AGGRESSIVE;
				GCC_WARN_UNUSED_FUNCTION = YES;
				GCC_WARN_UNUSED_VARIABLE = YES;
				MACOSX_DEPLOYMENT_TARGET = 10.12;
				MTL_ENABLE_DEBUG_INFO = YES;
				ONLY_ACTIVE_ARCH = YES;
				SDKROOT = macosx;
				SWIFT_ACTIVE_COMPILATION_CONDITIONS = DEBUG;
				SWIFT_OPTIMIZATION_LEVEL = "-Onone";
			};
			name = Debug;
		};
		7C8D55041EE19FD90065BFFD /* Release */ = {
			isa = XCBuildConfiguration;
			buildSettings = {
				ALWAYS_SEARCH_USER_PATHS = NO;
				CLANG_ANALYZER_NONNULL = YES;
				CLANG_ANALYZER_NUMBER_OBJECT_CONVERSION = YES_AGGRESSIVE;
				CLANG_CXX_LANGUAGE_STANDARD = "gnu++0x";
				CLANG_CXX_LIBRARY = "libc++";
				CLANG_ENABLE_MODULES = YES;
				CLANG_ENABLE_OBJC_ARC = YES;
				CLANG_WARN_BOOL_CONVERSION = YES;
				CLANG_WARN_CONSTANT_CONVERSION = YES;
				CLANG_WARN_DIRECT_OBJC_ISA_USAGE = YES_ERROR;
				CLANG_WARN_DOCUMENTATION_COMMENTS = YES;
				CLANG_WARN_EMPTY_BODY = YES;
				CLANG_WARN_ENUM_CONVERSION = YES;
				CLANG_WARN_INFINITE_RECURSION = YES;
				CLANG_WARN_INT_CONVERSION = YES;
				CLANG_WARN_OBJC_ROOT_CLASS = YES_ERROR;
				CLANG_WARN_SUSPICIOUS_MOVE = YES;
				CLANG_WARN_UNREACHABLE_CODE = YES;
				CLANG_WARN__DUPLICATE_METHOD_MATCH = YES;
				CODE_SIGN_IDENTITY = "-";
				COPY_PHASE_STRIP = NO;
				DEBUG_INFORMATION_FORMAT = "dwarf-with-dsym";
				ENABLE_NS_ASSERTIONS = NO;
				ENABLE_STRICT_OBJC_MSGSEND = YES;
				GCC_C_LANGUAGE_STANDARD = gnu99;
				GCC_NO_COMMON_BLOCKS = YES;
				GCC_WARN_64_TO_32_BIT_CONVERSION = YES;
				GCC_WARN_ABOUT_RETURN_TYPE = YES_ERROR;
				GCC_WARN_UNDECLARED_SELECTOR = YES;
				GCC_WARN_UNINITIALIZED_AUTOS = YES_AGGRESSIVE;
				GCC_WARN_UNUSED_FUNCTION = YES;
				GCC_WARN_UNUSED_VARIABLE = YES;
				MACOSX_DEPLOYMENT_TARGET = 10.12;
				MTL_ENABLE_DEBUG_INFO = NO;
				SDKROOT = macosx;
				SWIFT_OPTIMIZATION_LEVEL = "-Owholemodule";
			};
			name = Release;
		};
		7C8D55061EE19FD90065BFFD /* Debug */ = {
			isa = XCBuildConfiguration;
			buildSettings = {
				ASSETCATALOG_COMPILER_APPICON_NAME = AppIcon;
				COMBINE_HIDPI_IMAGES = YES;
				DEVELOPMENT_TEAM = 2CHH57X62F;
				INFOPLIST_FILE = QuartzTest/Info.plist;
				LD_RUNPATH_SEARCH_PATHS = "$(inherited) @executable_path/../Frameworks";
				PRODUCT_BUNDLE_IDENTIFIER = com.NexusHeights.QuartzTest;
				PRODUCT_NAME = "$(TARGET_NAME)";
				SWIFT_VERSION = 3.0;
			};
			name = Debug;
		};
		7C8D55071EE19FD90065BFFD /* Release */ = {
			isa = XCBuildConfiguration;
			buildSettings = {
				ASSETCATALOG_COMPILER_APPICON_NAME = AppIcon;
				COMBINE_HIDPI_IMAGES = YES;
				DEVELOPMENT_TEAM = 2CHH57X62F;
				INFOPLIST_FILE = QuartzTest/Info.plist;
				LD_RUNPATH_SEARCH_PATHS = "$(inherited) @executable_path/../Frameworks";
				PRODUCT_BUNDLE_IDENTIFIER = com.NexusHeights.QuartzTest;
				PRODUCT_NAME = "$(TARGET_NAME)";
				SWIFT_VERSION = 3.0;
			};
			name = Release;
		};
/* End XCBuildConfiguration section */

/* Begin XCConfigurationList section */
		7C8D54F11EE19FD90065BFFD /* Build configuration list for PBXProject "QuartzTest" */ = {
			isa = XCConfigurationList;
			buildConfigurations = (
				7C8D55031EE19FD90065BFFD /* Debug */,
				7C8D55041EE19FD90065BFFD /* Release */,
			);
			defaultConfigurationIsVisible = 0;
			defaultConfigurationName = Release;
		};
		7C8D55051EE19FD90065BFFD /* Build configuration list for PBXNativeTarget "QuartzTest" */ = {
			isa = XCConfigurationList;
			buildConfigurations = (
				7C8D55061EE19FD90065BFFD /* Debug */,
				7C8D55071EE19FD90065BFFD /* Release */,
			);
			defaultConfigurationIsVisible = 0;
			defaultConfigurationName = Release;
		};
/* End XCConfigurationList section */
	};
	rootObject = 7C8D54EE1EE19FD90065BFFD /* Project object */;
}
